
Microsoft Visual Studio Solution File, Format Version 12.00
# Visual Studio 15
VisualStudioVersion = 15.0.28307.168
MinimumVisualStudioVersion = 10.0.40219.1
Project("{FAE04EC0-301F-11D3-BF4B-00C04F79EFBC}") = "C_Sharp_Advanced_Subjects", "C_Sharp_Advanced_Subjects\C_Sharp_Advanced_Subjects.csproj", "{BF4B022A-9D01-47E3-948F-F993152BC33B}"
EndProject
Project("{FAE04EC0-301F-11D3-BF4B-00C04F79EFBC}") = "Indexers", "Indexers\Indexers.csproj", "{AF80159B-B245-4C51-82FF-99A1B6D27145}"
EndProject
Project("{FAE04EC0-301F-11D3-BF4B-00C04F79EFBC}") = "Generics", "Generics\Generics.csproj", "{F56E955A-3B73-4CCF-9B92-9410FD88FB38}"
EndProject
Project("{FAE04EC0-301F-11D3-BF4B-00C04F79EFBC}") = "ProducerConsumerProblem", "ProducerConsumerProblem\ProducerConsumerProblem.csproj", "{B0FE21CA-2734-4F3D-8E3D-D4051BB519B1}"
EndProject
Project("{FAE04EC0-301F-11D3-BF4B-00C04F79EFBC}") = "Delegates", "Delegates\Delegates.csproj", "{07460A83-7486-4F5D-A6AF-CB37967F568C}"
EndProject
Project("{FAE04EC0-301F-11D3-BF4B-00C04F79EFBC}") = "LambdaExpressions", "LambdaExpressions\LambdaExpressions.csproj", "{33A52818-8B57-4E30-B34D-9751AFA44ED9}"
EndProject
Project("{FAE04EC0-301F-11D3-BF4B-00C04F79EFBC}") = "Events", "Events\Events.csproj", "{752A6043-92A2-4092-9A2F-47CFD0EB8E23}"
EndProject
Project("{FAE04EC0-301F-11D3-BF4B-00C04F79EFBC}") = "Extension Methods", "Extension Methods\Extension Methods.csproj", "{0A6C0105-A15F-48E3-88C6-2E3579AE14C9}"
EndProject
Project("{FAE04EC0-301F-11D3-BF4B-00C04F79EFBC}") = "LINQ", "LINQ\LINQ.csproj", "{3074A1C4-0E71-41FC-956B-72D43EF182AF}"
EndProject
Project("{FAE04EC0-301F-11D3-BF4B-00C04F79EFBC}") = "Nullable Types", "Nullable Types\Nullable Types.csproj", "{52AD285F-504B-4DDD-9CE5-B8114625408B}"
EndProject
Project("{FAE04EC0-301F-11D3-BF4B-00C04F79EFBC}") = "Dynamic", "Dynamic\Dynamic.csproj", "{B2E50C99-2772-4B4A-A484-D76060176098}"
EndProject
Project("{FAE04EC0-301F-11D3-BF4B-00C04F79EFBC}") = "Exception Handling", "Exception Handling\Exception Handling.csproj", "{5780F0B8-AC1A-42F1-BE60-4BEF2ACFB617}"
EndProject
Project("{FAE04EC0-301F-11D3-BF4B-00C04F79EFBC}") = "Asynchronous Programming with Async-Await", "Asynchronous Programming with Async-Await\Asynchronous Programming with Async-Await.csproj", "{18C4BFC4-4A15-48E7-9836-89701CB0E170}"
EndProject
Global
	GlobalSection(SolutionConfigurationPlatforms) = preSolution
		Debug|Any CPU = Debug|Any CPU
		Release|Any CPU = Release|Any CPU
	EndGlobalSection
	GlobalSection(ProjectConfigurationPlatforms) = postSolution
		{BF4B022A-9D01-47E3-948F-F993152BC33B}.Debug|Any CPU.ActiveCfg = Debug|Any CPU
		{BF4B022A-9D01-47E3-948F-F993152BC33B}.Debug|Any CPU.Build.0 = Debug|Any CPU
		{BF4B022A-9D01-47E3-948F-F993152BC33B}.Release|Any CPU.ActiveCfg = Release|Any CPU
		{BF4B022A-9D01-47E3-948F-F993152BC33B}.Release|Any CPU.Build.0 = Release|Any CPU
		{AF80159B-B245-4C51-82FF-99A1B6D27145}.Debug|Any CPU.ActiveCfg = Debug|Any CPU
		{AF80159B-B245-4C51-82FF-99A1B6D27145}.Debug|Any CPU.Build.0 = Debug|Any CPU
		{AF80159B-B245-4C51-82FF-99A1B6D27145}.Release|Any CPU.ActiveCfg = Release|Any CPU
		{AF80159B-B245-4C51-82FF-99A1B6D27145}.Release|Any CPU.Build.0 = Release|Any CPU
		{F56E955A-3B73-4CCF-9B92-9410FD88FB38}.Debug|Any CPU.ActiveCfg = Debug|Any CPU
		{F56E955A-3B73-4CCF-9B92-9410FD88FB38}.Debug|Any CPU.Build.0 = Debug|Any CPU
		{F56E955A-3B73-4CCF-9B92-9410FD88FB38}.Release|Any CPU.ActiveCfg = Release|Any CPU
		{F56E955A-3B73-4CCF-9B92-9410FD88FB38}.Release|Any CPU.Build.0 = Release|Any CPU
		{B0FE21CA-2734-4F3D-8E3D-D4051BB519B1}.Debug|Any CPU.ActiveCfg = Debug|Any CPU
		{B0FE21CA-2734-4F3D-8E3D-D4051BB519B1}.Debug|Any CPU.Build.0 = Debug|Any CPU
		{B0FE21CA-2734-4F3D-8E3D-D4051BB519B1}.Release|Any CPU.ActiveCfg = Release|Any CPU
		{B0FE21CA-2734-4F3D-8E3D-D4051BB519B1}.Release|Any CPU.Build.0 = Release|Any CPU
		{07460A83-7486-4F5D-A6AF-CB37967F568C}.Debug|Any CPU.ActiveCfg = Debug|Any CPU
		{07460A83-7486-4F5D-A6AF-CB37967F568C}.Debug|Any CPU.Build.0 = Debug|Any CPU
		{07460A83-7486-4F5D-A6AF-CB37967F568C}.Release|Any CPU.ActiveCfg = Release|Any CPU
		{07460A83-7486-4F5D-A6AF-CB37967F568C}.Release|Any CPU.Build.0 = Release|Any CPU
		{33A52818-8B57-4E30-B34D-9751AFA44ED9}.Debug|Any CPU.ActiveCfg = Debug|Any CPU
		{33A52818-8B57-4E30-B34D-9751AFA44ED9}.Debug|Any CPU.Build.0 = Debug|Any CPU
		{33A52818-8B57-4E30-B34D-9751AFA44ED9}.Release|Any CPU.ActiveCfg = Release|Any CPU
		{33A52818-8B57-4E30-B34D-9751AFA44ED9}.Release|Any CPU.Build.0 = Release|Any CPU
		{752A6043-92A2-4092-9A2F-47CFD0EB8E23}.Debug|Any CPU.ActiveCfg = Debug|Any CPU
		{752A6043-92A2-4092-9A2F-47CFD0EB8E23}.Debug|Any CPU.Build.0 = Debug|Any CPU
		{752A6043-92A2-4092-9A2F-47CFD0EB8E23}.Release|Any CPU.ActiveCfg = Release|Any CPU
		{752A6043-92A2-4092-9A2F-47CFD0EB8E23}.Release|Any CPU.Build.0 = Release|Any CPU
		{0A6C0105-A15F-48E3-88C6-2E3579AE14C9}.Debug|Any CPU.ActiveCfg = Debug|Any CPU
		{0A6C0105-A15F-48E3-88C6-2E3579AE14C9}.Debug|Any CPU.Build.0 = Debug|Any CPU
		{0A6C0105-A15F-48E3-88C6-2E3579AE14C9}.Release|Any CPU.ActiveCfg = Release|Any CPU
		{0A6C0105-A15F-48E3-88C6-2E3579AE14C9}.Release|Any CPU.Build.0 = Release|Any CPU
		{3074A1C4-0E71-41FC-956B-72D43EF182AF}.Debug|Any CPU.ActiveCfg = Debug|Any CPU
		{3074A1C4-0E71-41FC-956B-72D43EF182AF}.Debug|Any CPU.Build.0 = Debug|Any CPU
		{3074A1C4-0E71-41FC-956B-72D43EF182AF}.Release|Any CPU.ActiveCfg = Release|Any CPU
		{3074A1C4-0E71-41FC-956B-72D43EF182AF}.Release|Any CPU.Build.0 = Release|Any CPU
		{52AD285F-504B-4DDD-9CE5-B8114625408B}.Debug|Any CPU.ActiveCfg = Debug|Any CPU
		{52AD285F-504B-4DDD-9CE5-B8114625408B}.Debug|Any CPU.Build.0 = Debug|Any CPU
		{52AD285F-504B-4DDD-9CE5-B8114625408B}.Release|Any CPU.ActiveCfg = Release|Any CPU
		{52AD285F-504B-4DDD-9CE5-B8114625408B}.Release|Any CPU.Build.0 = Release|Any CPU
		{B2E50C99-2772-4B4A-A484-D76060176098}.Debug|Any CPU.ActiveCfg = Debug|Any CPU
		{B2E50C99-2772-4B4A-A484-D76060176098}.Debug|Any CPU.Build.0 = Debug|Any CPU
		{B2E50C99-2772-4B4A-A484-D76060176098}.Release|Any CPU.ActiveCfg = Release|Any CPU
		{B2E50C99-2772-4B4A-A484-D76060176098}.Release|Any CPU.Build.0 = Release|Any CPU
		{5780F0B8-AC1A-42F1-BE60-4BEF2ACFB617}.Debug|Any CPU.ActiveCfg = Debug|Any CPU
		{5780F0B8-AC1A-42F1-BE60-4BEF2ACFB617}.Debug|Any CPU.Build.0 = Debug|Any CPU
		{5780F0B8-AC1A-42F1-BE60-4BEF2ACFB617}.Release|Any CPU.ActiveCfg = Release|Any CPU
		{5780F0B8-AC1A-42F1-BE60-4BEF2ACFB617}.Release|Any CPU.Build.0 = Release|Any CPU
		{18C4BFC4-4A15-48E7-9836-89701CB0E170}.Debug|Any CPU.ActiveCfg = Debug|Any CPU
		{18C4BFC4-4A15-48E7-9836-89701CB0E170}.Debug|Any CPU.Build.0 = Debug|Any CPU
		{18C4BFC4-4A15-48E7-9836-89701CB0E170}.Release|Any CPU.ActiveCfg = Release|Any CPU
		{18C4BFC4-4A15-48E7-9836-89701CB0E170}.Release|Any CPU.Build.0 = Release|Any CPU
	EndGlobalSection
	GlobalSection(SolutionProperties) = preSolution
		HideSolutionNode = FALSE
	EndGlobalSection
	GlobalSection(ExtensibilityGlobals) = postSolution
		SolutionGuid = {3ADB794D-BEB8-46CF-B102-3EA1EAAC4824}
	EndGlobalSection
EndGlobal
